
Microsoft Visual Studio Solution File, Format Version 12.00
# Visual Studio Version 16
VisualStudioVersion = 16.0.29519.181
MinimumVisualStudioVersion = 10.0.40219.1
Project("{FAE04EC0-301F-11D3-BF4B-00C04F79EFBC}") = "SistemaDati", "SistemaDati\SistemaDati.csproj", "{DA636336-AF35-446B-9AFA-125CA43A05CE}"
EndProject
Global
	GlobalSection(SolutionConfigurationPlatforms) = preSolution
		Debug|Any CPU = Debug|Any CPU
		Release|Any CPU = Release|Any CPU
	EndGlobalSection
	GlobalSection(ProjectConfigurationPlatforms) = postSolution
		{DA636336-AF35-446B-9AFA-125CA43A05CE}.Debug|Any CPU.ActiveCfg = Debug|Any CPU
		{DA636336-AF35-446B-9AFA-125CA43A05CE}.Debug|Any CPU.Build.0 = Debug|Any CPU
		{DA636336-AF35-446B-9AFA-125CA43A05CE}.Release|Any CPU.ActiveCfg = Release|Any CPU
		{DA636336-AF35-446B-9AFA-125CA43A05CE}.Release|Any CPU.Build.0 = Release|Any CPU
	EndGlobalSection
	GlobalSection(SolutionProperties) = preSolution
		HideSolutionNode = FALSE
	EndGlobalSection
	GlobalSection(ExtensibilityGlobals) = postSolution
		SolutionGuid = {63EA622D-2C54-43EC-A2DC-50F6C00DC3D2}
	EndGlobalSection
EndGlobal
